
Microsoft Visual Studio Solution File, Format Version 12.00
# Visual Studio 15
VisualStudioVersion = 15.0.28307.421
MinimumVisualStudioVersion = 10.0.40219.1
Project("{9A19103F-16F7-4668-BE54-9A1E7A4F7556}") = "MythWars", "MythWars\MythWars.csproj", "{D845C58D-EBD8-486E-8395-639A7D05DFDE}"
EndProject
Project("{9A19103F-16F7-4668-BE54-9A1E7A4F7556}") = "DomainModels", "DomainModels\DomainModels.csproj", "{09FDEEB8-9648-441E-8CFC-97ECF8563F29}"
EndProject
Project("{9A19103F-16F7-4668-BE54-9A1E7A4F7556}") = "DomainLogic", "DomainLogic\DomainLogic.csproj", "{9058FD23-05B9-436F-A466-BB6F30F5A47A}"
EndProject
Project("{FAE04EC0-301F-11D3-BF4B-00C04F79EFBC}") = "DomainModels.Tests", "DomainModels.Tests\DomainModels.Tests.csproj", "{F9083BE4-556E-45CF-B6D5-A6638DB0D08B}"
EndProject
Global
	GlobalSection(SolutionConfigurationPlatforms) = preSolution
		Debug|Any CPU = Debug|Any CPU
		Release|Any CPU = Release|Any CPU
	EndGlobalSection
	GlobalSection(ProjectConfigurationPlatforms) = postSolution
		{D845C58D-EBD8-486E-8395-639A7D05DFDE}.Debug|Any CPU.ActiveCfg = Debug|Any CPU
		{D845C58D-EBD8-486E-8395-639A7D05DFDE}.Debug|Any CPU.Build.0 = Debug|Any CPU
		{D845C58D-EBD8-486E-8395-639A7D05DFDE}.Release|Any CPU.ActiveCfg = Release|Any CPU
		{D845C58D-EBD8-486E-8395-639A7D05DFDE}.Release|Any CPU.Build.0 = Release|Any CPU
		{09FDEEB8-9648-441E-8CFC-97ECF8563F29}.Debug|Any CPU.ActiveCfg = Debug|Any CPU
		{09FDEEB8-9648-441E-8CFC-97ECF8563F29}.Debug|Any CPU.Build.0 = Debug|Any CPU
		{09FDEEB8-9648-441E-8CFC-97ECF8563F29}.Release|Any CPU.ActiveCfg = Release|Any CPU
		{09FDEEB8-9648-441E-8CFC-97ECF8563F29}.Release|Any CPU.Build.0 = Release|Any CPU
		{9058FD23-05B9-436F-A466-BB6F30F5A47A}.Debug|Any CPU.ActiveCfg = Debug|Any CPU
		{9058FD23-05B9-436F-A466-BB6F30F5A47A}.Debug|Any CPU.Build.0 = Debug|Any CPU
		{9058FD23-05B9-436F-A466-BB6F30F5A47A}.Release|Any CPU.ActiveCfg = Release|Any CPU
		{9058FD23-05B9-436F-A466-BB6F30F5A47A}.Release|Any CPU.Build.0 = Release|Any CPU
		{F9083BE4-556E-45CF-B6D5-A6638DB0D08B}.Debug|Any CPU.ActiveCfg = Debug|Any CPU
		{F9083BE4-556E-45CF-B6D5-A6638DB0D08B}.Debug|Any CPU.Build.0 = Debug|Any CPU
		{F9083BE4-556E-45CF-B6D5-A6638DB0D08B}.Release|Any CPU.ActiveCfg = Release|Any CPU
		{F9083BE4-556E-45CF-B6D5-A6638DB0D08B}.Release|Any CPU.Build.0 = Release|Any CPU
	EndGlobalSection
	GlobalSection(SolutionProperties) = preSolution
		HideSolutionNode = FALSE
	EndGlobalSection
	GlobalSection(ExtensibilityGlobals) = postSolution
		SolutionGuid = {D3186E55-EE56-4D94-ABA4-DA6900EE9294}
	EndGlobalSection
EndGlobal
